{
  "name": "terminalfeed-api",
  "version": "0.0.0",
  "lockfileVersion": 3,
  "requires": true,
  "packages": {
    "": {
      "name": "terminalfeed-api",
      "version": "0.0.0",
      "dependencies": {
        "afta-cloudflare-worker": "^0.1.0",
        "afta-protocol": "^0.1.0"
      },
      "engines": {
        "node": ">=20.0.0"
      }
    },
    "node_modules/afta-cloudflare-worker": {
      "version": "0.1.0",
      "resolved": "https://registry.npmjs.org/afta-cloudflare-worker/-/afta-cloudflare-worker-0.1.0.tgz",
      "integrity": "sha512-A/7KmBCMXPzRP2WwEWU+1HWA5FSeAU5YRjxhT7GSeT6wjJPHsg9zPmVOYQMb0AcI0auYoY2UgZMKzGrwd1eDRA==",
      "license": "MIT",
      "engines": {
        "node": ">=20.0.0"
      },
      "peerDependencies": {
        "afta-protocol": "^0.1.0"
      }
    },
    "node_modules/afta-protocol": {
      "version": "0.1.0",
      "resolved": "https://registry.npmjs.org/afta-protocol/-/afta-protocol-0.1.0.tgz",
      "integrity": "sha512-KHgztC+QoLiTeZJbOsk34i4wyoFYUGGhQSn9c1HLwjf3c03YPsm5C0Wx6HbWQ6980niFMfqn5gVFXRMI2WTvqw==",
      "license": "MIT",
      "bin": {
        "afta-generate-key": "scripts/generate-receipt-key.mjs"
      },
      "engines": {
        "node": ">=20.0.0"
      }
    }
  }
}
